
Microsoft Visual Studio Solution File, Format Version 12.00
# Visual Studio 15
VisualStudioVersion = 15.0.26730.3
MinimumVisualStudioVersion = 10.0.40219.1
Project("{FAE04EC0-301F-11D3-BF4B-00C04F79EFBC}") = "ApiExchangeRates", "ApiExchangeRates\ApiExchangeRates.csproj", "{F1F1B36F-22DA-4A30-8E70-313260D8D868}"
EndProject
Global
	GlobalSection(SolutionConfigurationPlatforms) = preSolution
		Debug|Any CPU = Debug|Any CPU
		Release|Any CPU = Release|Any CPU
	EndGlobalSection
	GlobalSection(ProjectConfigurationPlatforms) = postSolution
		{F1F1B36F-22DA-4A30-8E70-313260D8D868}.Debug|Any CPU.ActiveCfg = Debug|Any CPU
		{F1F1B36F-22DA-4A30-8E70-313260D8D868}.Debug|Any CPU.Build.0 = Debug|Any CPU
		{F1F1B36F-22DA-4A30-8E70-313260D8D868}.Release|Any CPU.ActiveCfg = Release|Any CPU
		{F1F1B36F-22DA-4A30-8E70-313260D8D868}.Release|Any CPU.Build.0 = Release|Any CPU
	EndGlobalSection
	GlobalSection(SolutionProperties) = preSolution
		HideSolutionNode = FALSE
	EndGlobalSection
	GlobalSection(ExtensibilityGlobals) = postSolution
		SolutionGuid = {1CCAE73B-2A45-4233-B175-E6AFB5575A51}
	EndGlobalSection
EndGlobal
